<?xml version="1.0" encoding="utf-8"?>
<Project ToolsVersion="4.0" xmlns="http://schemas.microsoft.com/developer/msbuild/2003">
  <ItemGroup>
    <Filter Include="源文件">
      <UniqueIdentifier>{4FC737F1-C7A5-4376-A066-2A32D752A2FF}</UniqueIdentifier>
      <Extensions>cpp;c;cc;cxx;def;odl;idl;hpj;bat;asm;asmx</Extensions>
    </Filter>
    <Filter Include="头文件">
      <UniqueIdentifier>{93995380-89BD-4b04-88EB-625FBE52EBFB}</UniqueIdentifier>
      <Extensions>h;hh;hpp;hxx;hm;inl;inc;xsd</Extensions>
    </Filter>
    <Filter Include="资源文件">
      <UniqueIdentifier>{67DA6AB6-F800-4c08-8B7A-83BB121AAD01}</UniqueIdentifier>
      <Extensions>rc;ico;cur;bmp;dlg;rc2;rct;bin;rgs;gif;jpg;jpeg;jpe;resx;tiff;tif;png;wav;mfcribbon-ms</Extensions>
    </Filter>
  </ItemGroup>
  <ItemGroup>
    <Text Include="ReadMe.txt" />
  </ItemGroup>
  <ItemGroup>
    <ClInclude Include="penwu2.0.h">
      <Filter>头文件</Filter>
    </ClInclude>
    <ClInclude Include="penwu2.0Dlg.h">
      <Filter>头文件</Filter>
    </ClInclude>
    <ClInclude Include="stdafx.h">
      <Filter>头文件</Filter>
    </ClInclude>
    <ClInclude Include="targetver.h">
      <Filter>头文件</Filter>
    </ClInclude>
    <ClInclude Include="Resource.h">
      <Filter>头文件</Filter>
    </ClInclude>
    <ClInclude Include="WorkThread.h">
      <Filter>头文件</Filter>
    </ClInclude>
    <ClInclude Include="global.h">
      <Filter>头文件</Filter>
    </ClInclude>
    <ClInclude Include="calculate_xy.h">
      <Filter>头文件</Filter>
    </ClInclude>
    <ClInclude Include="open_urg_sensor.h">
      <Filter>头文件</Filter>
    </ClInclude>
    <ClInclude Include="urg_connection.h">
      <Filter>头文件</Filter>
    </ClInclude>
    <ClInclude Include="urg_debug.h">
      <Filter>头文件</Filter>
    </ClInclude>
    <ClInclude Include="urg_detect_os.h">
      <Filter>头文件</Filter>
    </ClInclude>
    <ClInclude Include="urg_errno.h">
      <Filter>头文件</Filter>
    </ClInclude>
    <ClInclude Include="urg_ring_buffer.h">
      <Filter>头文件</Filter>
    </ClInclude>
    <ClInclude Include="urg_sensor.h">
      <Filter>头文件</Filter>
    </ClInclude>
    <ClInclude Include="urg_serial.h">
      <Filter>头文件</Filter>
    </ClInclude>
    <ClInclude Include="urg_serial_utils.h">
      <Filter>头文件</Filter>
    </ClInclude>
    <ClInclude Include="urg_tcpclient.h">
      <Filter>头文件</Filter>
    </ClInclude>
    <ClInclude Include="urg_utils.h">
      <Filter>头文件</Filter>
    </ClInclude>
  </ItemGroup>
  <ItemGroup>
    <ClCompile Include="penwu2.0.cpp">
      <Filter>源文件</Filter>
    </ClCompile>
    <ClCompile Include="penwu2.0Dlg.cpp">
      <Filter>源文件</Filter>
    </ClCompile>
    <ClCompile Include="stdafx.cpp">
      <Filter>源文件</Filter>
    </ClCompile>
    <ClCompile Include="WorkThread.cpp">
      <Filter>源文件</Filter>
    </ClCompile>
    <ClCompile Include="calculate_xy.cpp">
      <Filter>源文件</Filter>
    </ClCompile>
    <ClCompile Include="open_urg_sensor.cpp">
      <Filter>源文件</Filter>
    </ClCompile>
    <ClCompile Include="urg_connection.cpp">
      <Filter>源文件</Filter>
    </ClCompile>
    <ClCompile Include="urg_ring_buffer.cpp">
      <Filter>源文件</Filter>
    </ClCompile>
    <ClCompile Include="urg_sensor.cpp">
      <Filter>源文件</Filter>
    </ClCompile>
    <ClCompile Include="urg_serial.cpp">
      <Filter>源文件</Filter>
    </ClCompile>
    <ClCompile Include="urg_serial_utils.cpp">
      <Filter>源文件</Filter>
    </ClCompile>
    <ClCompile Include="urg_tcpclient.cpp">
      <Filter>源文件</Filter>
    </ClCompile>
    <ClCompile Include="urg_utils.cpp">
      <Filter>源文件</Filter>
    </ClCompile>
  </ItemGroup>
  <ItemGroup>
    <ResourceCompile Include="penwu2.0.rc">
      <Filter>资源文件</Filter>
    </ResourceCompile>
  </ItemGroup>
  <ItemGroup>
    <None Include="res\penwu20.rc2">
      <Filter>资源文件</Filter>
    </None>
    <None Include="ClassDiagram.cd" />
  </ItemGroup>
  <ItemGroup>
    <Image Include="res\penwu2.0.ico">
      <Filter>资源文件</Filter>
    </Image>
    <Image Include="res\grey.ico">
      <Filter>资源文件</Filter>
    </Image>
    <Image Include="res\red.ico">
      <Filter>资源文件</Filter>
    </Image>
    <Image Include="res\G.bmp">
      <Filter>资源文件</Filter>
    </Image>
    <Image Include="res\R.bmp">
      <Filter>资源文件</Filter>
    </Image>
    <Image Include="res\grey.bmp">
      <Filter>资源文件</Filter>
    </Image>
    <Image Include="res\red.bmp">
      <Filter>资源文件</Filter>
    </Image>
    <Image Include="res\红.bmp">
      <Filter>资源文件</Filter>
    </Image>
    <Image Include="res\绿.bmp">
      <Filter>资源文件</Filter>
    </Image>
    <Image Include="..\..\..\百合花.bmp">
      <Filter>资源文件</Filter>
    </Image>
    <Image Include="res\红色.bmp">
      <Filter>资源文件</Filter>
    </Image>
    <Image Include="res\灰色.bmp">
      <Filter>资源文件</Filter>
    </Image>
    <Image Include="res\百合花.bmp">
      <Filter>资源文件</Filter>
    </Image>
    <Image Include="res\退出.bmp">
      <Filter>资源文件</Filter>
    </Image>
    <Image Include="res\喷雾.bmp">
      <Filter>资源文件</Filter>
    </Image>
    <Image Include="res\灰色2.bmp">
      <Filter>资源文件</Filter>
    </Image>
  </ItemGroup>
</Project>